dependencies:
  '@rush-temp/demoapp': 'file:projects/demoapp.tgz'
  typescript: 3.7.5
lockfileVersion: 5.1
packages:
  /typescript/3.7.5:
    dev: false
    engines:
      node: '>=4.2.0'
    hasBin: true
    resolution:
      integrity: sha512-/P5lkRXkWHNAbcJIiHPfRoKqyd7bsyCma1hZNUGfn20qm64T6ZBlrzprymeu918H+mB/0rIg2gGK/BXkhhYgBw==
  'file:projects/demoapp.tgz':
    dependencies:
      typescript: 3.7.5
    dev: false
    name: '@rush-temp/demoapp'
    resolution:
      integrity: sha512-FY3p4lnkenKipcRx1I9xYb15uet2b7d9KjqqArdujwyUne9hAq0ty8vWVAbbrmvEsWBaQpML3vnu/Jck8K7zvQ==
      tarball: 'file:projects/demoapp.tgz'
    version: 0.0.0
specifiers:
  '@rush-temp/demoapp': 'file:./projects/demoapp.tgz'
  typescript: 3.7.5
